
Microsoft Visual Studio Solution File, Format Version 12.00
# Visual Studio 15
VisualStudioVersion = 15.0.27428.2011
MinimumVisualStudioVersion = 10.0.40219.1
Project("{2150E333-8FDC-42A3-9474-1A3956D46DE8}") = "data", "data", "{B5D27FED-D06C-458A-9139-8203B1BF2BC9}"
EndProject
Project("{2150E333-8FDC-42A3-9474-1A3956D46DE8}") = "src", "src", "{FA7CF71B-247A-4D1A-8A7B-577F712389A3}"
EndProject
Project("{2150E333-8FDC-42A3-9474-1A3956D46DE8}") = "database", "database", "{02472208-D119-4295-8EA9-2C273A7BCD3C}"
EndProject
Project("{2150E333-8FDC-42A3-9474-1A3956D46DE8}") = "business", "business", "{D2EF9CBC-9F71-4CC9-9F5D-8394B6C6DEBC}"
EndProject
Project("{2150E333-8FDC-42A3-9474-1A3956D46DE8}") = "src", "src", "{CDFA5DF9-252E-4490-A293-89BFF6E1EC8B}"
EndProject
Project("{2150E333-8FDC-42A3-9474-1A3956D46DE8}") = "website", "website", "{7B1C12E3-8351-4058-9B7E-5DC56E4C52F3}"
EndProject
Project("{2150E333-8FDC-42A3-9474-1A3956D46DE8}") = "src", "src", "{B2BE0153-0C4E-4B96-A5DF-939A7E34A8A7}"
EndProject
Project("{2150E333-8FDC-42A3-9474-1A3956D46DE8}") = "src", "src", "{EC9DFCFD-907B-4D21-94C9-ED583F4B5B93}"
EndProject
Project("{2150E333-8FDC-42A3-9474-1A3956D46DE8}") = "test", "test", "{9438E4E2-C034-41F6-A784-931A1573115C}"
EndProject
Project("{9A19103F-16F7-4668-BE54-9A1E7A4F7556}") = "D2CFL.Data.Organization", "data\src\D2CFL.Data.Organization\D2CFL.Data.Organization.csproj", "{08F97A6C-4C8B-430C-A8A0-D8B200C9CE3C}"
EndProject
Project("{9A19103F-16F7-4668-BE54-9A1E7A4F7556}") = "D2CFL.Database", "database\src\D2CFL.Database\D2CFL.Database.csproj", "{782F4587-1C59-43F4-BC1E-384EF9172644}"
EndProject
Project("{9A19103F-16F7-4668-BE54-9A1E7A4F7556}") = "D2CFL.Database.TestData", "database\test\D2CFL.Database.TestData\D2CFL.Database.TestData.csproj", "{7FAC817C-DDFE-4973-A1B0-C90450522B94}"
EndProject
Project("{9A19103F-16F7-4668-BE54-9A1E7A4F7556}") = "D2CFL.Business.Organization", "business\src\D2CFL.Business.Organization\D2CFL.Business.Organization.csproj", "{3C4CF7A5-380F-474B-9ECA-D0D9B7BB813E}"
EndProject
Project("{2150E333-8FDC-42A3-9474-1A3956D46DE8}") = "api", "api", "{F6117413-63A4-493B-B270-722F8A44E488}"
EndProject
Project("{9A19103F-16F7-4668-BE54-9A1E7A4F7556}") = "D2CFL.Api.Website", "website\api\src\D2CFL.Api.Website\D2CFL.Api.Website.csproj", "{EA17A497-12BA-4295-8D0A-C431C39F1A35}"
EndProject
Project("{FAE04EC0-301F-11D3-BF4B-00C04F79EFBC}") = "D2CFL.Data.FantasyLeague", "data\src\D2CFL.Data.FantasyLeague\D2CFL.Data.FantasyLeague.csproj", "{1CC37F71-94EB-4910-8299-430C905CFF07}"
EndProject
Project("{FAE04EC0-301F-11D3-BF4B-00C04F79EFBC}") = "D2CFL.Business.FantasyLeague", "business\src\D2CFL.Business.FantasyLeague\D2CFL.Business.FantasyLeague.csproj", "{55E36F56-A538-484A-A3AB-84A5EFD79C56}"
EndProject
Global
	GlobalSection(SolutionConfigurationPlatforms) = preSolution
		Debug|Any CPU = Debug|Any CPU
		Release|Any CPU = Release|Any CPU
	EndGlobalSection
	GlobalSection(ProjectConfigurationPlatforms) = postSolution
		{08F97A6C-4C8B-430C-A8A0-D8B200C9CE3C}.Debug|Any CPU.ActiveCfg = Debug|Any CPU
		{08F97A6C-4C8B-430C-A8A0-D8B200C9CE3C}.Debug|Any CPU.Build.0 = Debug|Any CPU
		{08F97A6C-4C8B-430C-A8A0-D8B200C9CE3C}.Release|Any CPU.ActiveCfg = Release|Any CPU
		{08F97A6C-4C8B-430C-A8A0-D8B200C9CE3C}.Release|Any CPU.Build.0 = Release|Any CPU
		{782F4587-1C59-43F4-BC1E-384EF9172644}.Debug|Any CPU.ActiveCfg = Debug|Any CPU
		{782F4587-1C59-43F4-BC1E-384EF9172644}.Debug|Any CPU.Build.0 = Debug|Any CPU
		{782F4587-1C59-43F4-BC1E-384EF9172644}.Release|Any CPU.ActiveCfg = Release|Any CPU
		{782F4587-1C59-43F4-BC1E-384EF9172644}.Release|Any CPU.Build.0 = Release|Any CPU
		{7FAC817C-DDFE-4973-A1B0-C90450522B94}.Debug|Any CPU.ActiveCfg = Debug|Any CPU
		{7FAC817C-DDFE-4973-A1B0-C90450522B94}.Debug|Any CPU.Build.0 = Debug|Any CPU
		{7FAC817C-DDFE-4973-A1B0-C90450522B94}.Release|Any CPU.ActiveCfg = Release|Any CPU
		{7FAC817C-DDFE-4973-A1B0-C90450522B94}.Release|Any CPU.Build.0 = Release|Any CPU
		{3C4CF7A5-380F-474B-9ECA-D0D9B7BB813E}.Debug|Any CPU.ActiveCfg = Debug|Any CPU
		{3C4CF7A5-380F-474B-9ECA-D0D9B7BB813E}.Debug|Any CPU.Build.0 = Debug|Any CPU
		{3C4CF7A5-380F-474B-9ECA-D0D9B7BB813E}.Release|Any CPU.ActiveCfg = Release|Any CPU
		{3C4CF7A5-380F-474B-9ECA-D0D9B7BB813E}.Release|Any CPU.Build.0 = Release|Any CPU
		{EA17A497-12BA-4295-8D0A-C431C39F1A35}.Debug|Any CPU.ActiveCfg = Debug|Any CPU
		{EA17A497-12BA-4295-8D0A-C431C39F1A35}.Debug|Any CPU.Build.0 = Debug|Any CPU
		{EA17A497-12BA-4295-8D0A-C431C39F1A35}.Release|Any CPU.ActiveCfg = Release|Any CPU
		{EA17A497-12BA-4295-8D0A-C431C39F1A35}.Release|Any CPU.Build.0 = Release|Any CPU
		{1CC37F71-94EB-4910-8299-430C905CFF07}.Debug|Any CPU.ActiveCfg = Debug|Any CPU
		{1CC37F71-94EB-4910-8299-430C905CFF07}.Debug|Any CPU.Build.0 = Debug|Any CPU
		{1CC37F71-94EB-4910-8299-430C905CFF07}.Release|Any CPU.ActiveCfg = Release|Any CPU
		{1CC37F71-94EB-4910-8299-430C905CFF07}.Release|Any CPU.Build.0 = Release|Any CPU
		{55E36F56-A538-484A-A3AB-84A5EFD79C56}.Debug|Any CPU.ActiveCfg = Debug|Any CPU
		{55E36F56-A538-484A-A3AB-84A5EFD79C56}.Debug|Any CPU.Build.0 = Debug|Any CPU
		{55E36F56-A538-484A-A3AB-84A5EFD79C56}.Release|Any CPU.ActiveCfg = Release|Any CPU
		{55E36F56-A538-484A-A3AB-84A5EFD79C56}.Release|Any CPU.Build.0 = Release|Any CPU
	EndGlobalSection
	GlobalSection(SolutionProperties) = preSolution
		HideSolutionNode = FALSE
	EndGlobalSection
	GlobalSection(NestedProjects) = preSolution
		{FA7CF71B-247A-4D1A-8A7B-577F712389A3} = {B5D27FED-D06C-458A-9139-8203B1BF2BC9}
		{CDFA5DF9-252E-4490-A293-89BFF6E1EC8B} = {D2EF9CBC-9F71-4CC9-9F5D-8394B6C6DEBC}
		{B2BE0153-0C4E-4B96-A5DF-939A7E34A8A7} = {F6117413-63A4-493B-B270-722F8A44E488}
		{EC9DFCFD-907B-4D21-94C9-ED583F4B5B93} = {02472208-D119-4295-8EA9-2C273A7BCD3C}
		{9438E4E2-C034-41F6-A784-931A1573115C} = {02472208-D119-4295-8EA9-2C273A7BCD3C}
		{08F97A6C-4C8B-430C-A8A0-D8B200C9CE3C} = {FA7CF71B-247A-4D1A-8A7B-577F712389A3}
		{782F4587-1C59-43F4-BC1E-384EF9172644} = {EC9DFCFD-907B-4D21-94C9-ED583F4B5B93}
		{7FAC817C-DDFE-4973-A1B0-C90450522B94} = {9438E4E2-C034-41F6-A784-931A1573115C}
		{3C4CF7A5-380F-474B-9ECA-D0D9B7BB813E} = {CDFA5DF9-252E-4490-A293-89BFF6E1EC8B}
		{F6117413-63A4-493B-B270-722F8A44E488} = {7B1C12E3-8351-4058-9B7E-5DC56E4C52F3}
		{EA17A497-12BA-4295-8D0A-C431C39F1A35} = {B2BE0153-0C4E-4B96-A5DF-939A7E34A8A7}
		{1CC37F71-94EB-4910-8299-430C905CFF07} = {FA7CF71B-247A-4D1A-8A7B-577F712389A3}
		{55E36F56-A538-484A-A3AB-84A5EFD79C56} = {CDFA5DF9-252E-4490-A293-89BFF6E1EC8B}
	EndGlobalSection
	GlobalSection(ExtensibilityGlobals) = postSolution
		SolutionGuid = {7AF64AFB-6E98-4D38-A115-7B81B49BE594}
	EndGlobalSection
EndGlobal
