
Microsoft Visual Studio Solution File, Format Version 12.00
# Visual Studio 15
VisualStudioVersion = 15.0.27428.2011
MinimumVisualStudioVersion = 10.0.40219.1
Project("{2150E333-8FDC-42A3-9474-1A3956D46DE8}") = "data", "data", "{B5D27FED-D06C-458A-9139-8203B1BF2BC9}"
EndProject
Project("{2150E333-8FDC-42A3-9474-1A3956D46DE8}") = "src", "src", "{FA7CF71B-247A-4D1A-8A7B-577F712389A3}"
EndProject
Project("{2150E333-8FDC-42A3-9474-1A3956D46DE8}") = "test", "test", "{6D9D6995-0A4F-47B1-8010-31541400B627}"
EndProject
Project("{2150E333-8FDC-42A3-9474-1A3956D46DE8}") = "database", "database", "{02472208-D119-4295-8EA9-2C273A7BCD3C}"
EndProject
Project("{2150E333-8FDC-42A3-9474-1A3956D46DE8}") = "business", "business", "{D2EF9CBC-9F71-4CC9-9F5D-8394B6C6DEBC}"
EndProject
Project("{2150E333-8FDC-42A3-9474-1A3956D46DE8}") = "src", "src", "{CDFA5DF9-252E-4490-A293-89BFF6E1EC8B}"
EndProject
Project("{2150E333-8FDC-42A3-9474-1A3956D46DE8}") = "test", "test", "{C345061F-63DA-4D3A-AA28-121689284C5D}"
EndProject
Project("{9A19103F-16F7-4668-BE54-9A1E7A4F7556}") = "D2CFL.Data", "data\src\D2CFL.Data\D2CFL.Data.csproj", "{4B051489-E947-4827-B08E-53C6C86143A2}"
EndProject
Project("{9A19103F-16F7-4668-BE54-9A1E7A4F7556}") = "D2CFL.Data.League", "data\src\D2CFL.Data.League\D2CFL.Data.League.csproj", "{FFBFAD53-6EFD-4D76-97E2-6154BB3B6BC6}"
EndProject
Project("{9A19103F-16F7-4668-BE54-9A1E7A4F7556}") = "D2CFL.Data.News", "data\src\D2CFL.Data.News\D2CFL.Data.News.csproj", "{8B603AFB-B4A4-4B2A-A60E-D21EE6A63603}"
EndProject
Project("{9A19103F-16F7-4668-BE54-9A1E7A4F7556}") = "D2CFL.Data.Identity", "data\src\D2CFL.Data.Identity\D2CFL.Data.Identity.csproj", "{159A98F2-7230-4D08-847B-D0CAF406FE42}"
EndProject
Project("{9A19103F-16F7-4668-BE54-9A1E7A4F7556}") = "D2CFL.Migrations", "database\D2CFL.Migrations\D2CFL.Migrations.csproj", "{CFE33A11-CC5F-433D-B95D-6FD75F57493F}"
EndProject
Project("{9A19103F-16F7-4668-BE54-9A1E7A4F7556}") = "D2CFL.Business.League", "business\src\D2CFL.Business.League\D2CFL.Business.League.csproj", "{750FCDE1-E72E-41CA-80A6-71AB7BFF588C}"
EndProject
Project("{9A19103F-16F7-4668-BE54-9A1E7A4F7556}") = "D2CFL.Business.News", "business\src\D2CFL.Business.News\D2CFL.Business.News.csproj", "{E785A219-E8ED-4EFF-B62E-68737FA1EA5D}"
EndProject
Project("{2150E333-8FDC-42A3-9474-1A3956D46DE8}") = "website", "website", "{7B1C12E3-8351-4058-9B7E-5DC56E4C52F3}"
EndProject
Project("{2150E333-8FDC-42A3-9474-1A3956D46DE8}") = "src", "src", "{B2BE0153-0C4E-4B96-A5DF-939A7E34A8A7}"
EndProject
Project("{2150E333-8FDC-42A3-9474-1A3956D46DE8}") = "test", "test", "{1578BA29-748A-4794-B521-1CE41F3F15CA}"
EndProject
Project("{9A19103F-16F7-4668-BE54-9A1E7A4F7556}") = "D2CFL.Website.League", "website\src\D2CFL.Website.League\D2CFL.Website.League.csproj", "{15B9E8BE-4720-4F7A-BE57-C6644F53E657}"
EndProject
Project("{9A19103F-16F7-4668-BE54-9A1E7A4F7556}") = "D2CFL.Website.Admin", "website\src\D2CFL.Website.Admin\D2CFL.Website.Admin.csproj", "{ED5466BB-34FD-490B-AA3A-01C25F41BF16}"
EndProject
Project("{9A19103F-16F7-4668-BE54-9A1E7A4F7556}") = "D2CFL.Website.Identity", "website\src\D2CFL.Website.Identity\D2CFL.Website.Identity.csproj", "{C3DE453A-B564-4383-9A2F-2C31F22BE82F}"
EndProject
Global
	GlobalSection(SolutionConfigurationPlatforms) = preSolution
		Debug|Any CPU = Debug|Any CPU
		Release|Any CPU = Release|Any CPU
	EndGlobalSection
	GlobalSection(ProjectConfigurationPlatforms) = postSolution
		{4B051489-E947-4827-B08E-53C6C86143A2}.Debug|Any CPU.ActiveCfg = Debug|Any CPU
		{4B051489-E947-4827-B08E-53C6C86143A2}.Debug|Any CPU.Build.0 = Debug|Any CPU
		{4B051489-E947-4827-B08E-53C6C86143A2}.Release|Any CPU.ActiveCfg = Release|Any CPU
		{4B051489-E947-4827-B08E-53C6C86143A2}.Release|Any CPU.Build.0 = Release|Any CPU
		{FFBFAD53-6EFD-4D76-97E2-6154BB3B6BC6}.Debug|Any CPU.ActiveCfg = Debug|Any CPU
		{FFBFAD53-6EFD-4D76-97E2-6154BB3B6BC6}.Debug|Any CPU.Build.0 = Debug|Any CPU
		{FFBFAD53-6EFD-4D76-97E2-6154BB3B6BC6}.Release|Any CPU.ActiveCfg = Release|Any CPU
		{FFBFAD53-6EFD-4D76-97E2-6154BB3B6BC6}.Release|Any CPU.Build.0 = Release|Any CPU
		{8B603AFB-B4A4-4B2A-A60E-D21EE6A63603}.Debug|Any CPU.ActiveCfg = Debug|Any CPU
		{8B603AFB-B4A4-4B2A-A60E-D21EE6A63603}.Debug|Any CPU.Build.0 = Debug|Any CPU
		{8B603AFB-B4A4-4B2A-A60E-D21EE6A63603}.Release|Any CPU.ActiveCfg = Release|Any CPU
		{8B603AFB-B4A4-4B2A-A60E-D21EE6A63603}.Release|Any CPU.Build.0 = Release|Any CPU
		{159A98F2-7230-4D08-847B-D0CAF406FE42}.Debug|Any CPU.ActiveCfg = Debug|Any CPU
		{159A98F2-7230-4D08-847B-D0CAF406FE42}.Debug|Any CPU.Build.0 = Debug|Any CPU
		{159A98F2-7230-4D08-847B-D0CAF406FE42}.Release|Any CPU.ActiveCfg = Release|Any CPU
		{159A98F2-7230-4D08-847B-D0CAF406FE42}.Release|Any CPU.Build.0 = Release|Any CPU
		{CFE33A11-CC5F-433D-B95D-6FD75F57493F}.Debug|Any CPU.ActiveCfg = Debug|Any CPU
		{CFE33A11-CC5F-433D-B95D-6FD75F57493F}.Debug|Any CPU.Build.0 = Debug|Any CPU
		{CFE33A11-CC5F-433D-B95D-6FD75F57493F}.Release|Any CPU.ActiveCfg = Release|Any CPU
		{CFE33A11-CC5F-433D-B95D-6FD75F57493F}.Release|Any CPU.Build.0 = Release|Any CPU
		{750FCDE1-E72E-41CA-80A6-71AB7BFF588C}.Debug|Any CPU.ActiveCfg = Debug|Any CPU
		{750FCDE1-E72E-41CA-80A6-71AB7BFF588C}.Debug|Any CPU.Build.0 = Debug|Any CPU
		{750FCDE1-E72E-41CA-80A6-71AB7BFF588C}.Release|Any CPU.ActiveCfg = Release|Any CPU
		{750FCDE1-E72E-41CA-80A6-71AB7BFF588C}.Release|Any CPU.Build.0 = Release|Any CPU
		{E785A219-E8ED-4EFF-B62E-68737FA1EA5D}.Debug|Any CPU.ActiveCfg = Debug|Any CPU
		{E785A219-E8ED-4EFF-B62E-68737FA1EA5D}.Debug|Any CPU.Build.0 = Debug|Any CPU
		{E785A219-E8ED-4EFF-B62E-68737FA1EA5D}.Release|Any CPU.ActiveCfg = Release|Any CPU
		{E785A219-E8ED-4EFF-B62E-68737FA1EA5D}.Release|Any CPU.Build.0 = Release|Any CPU
		{15B9E8BE-4720-4F7A-BE57-C6644F53E657}.Debug|Any CPU.ActiveCfg = Debug|Any CPU
		{15B9E8BE-4720-4F7A-BE57-C6644F53E657}.Debug|Any CPU.Build.0 = Debug|Any CPU
		{15B9E8BE-4720-4F7A-BE57-C6644F53E657}.Release|Any CPU.ActiveCfg = Release|Any CPU
		{15B9E8BE-4720-4F7A-BE57-C6644F53E657}.Release|Any CPU.Build.0 = Release|Any CPU
		{ED5466BB-34FD-490B-AA3A-01C25F41BF16}.Debug|Any CPU.ActiveCfg = Debug|Any CPU
		{ED5466BB-34FD-490B-AA3A-01C25F41BF16}.Debug|Any CPU.Build.0 = Debug|Any CPU
		{ED5466BB-34FD-490B-AA3A-01C25F41BF16}.Release|Any CPU.ActiveCfg = Release|Any CPU
		{ED5466BB-34FD-490B-AA3A-01C25F41BF16}.Release|Any CPU.Build.0 = Release|Any CPU
		{C3DE453A-B564-4383-9A2F-2C31F22BE82F}.Debug|Any CPU.ActiveCfg = Debug|Any CPU
		{C3DE453A-B564-4383-9A2F-2C31F22BE82F}.Debug|Any CPU.Build.0 = Debug|Any CPU
		{C3DE453A-B564-4383-9A2F-2C31F22BE82F}.Release|Any CPU.ActiveCfg = Release|Any CPU
		{C3DE453A-B564-4383-9A2F-2C31F22BE82F}.Release|Any CPU.Build.0 = Release|Any CPU
	EndGlobalSection
	GlobalSection(SolutionProperties) = preSolution
		HideSolutionNode = FALSE
	EndGlobalSection
	GlobalSection(NestedProjects) = preSolution
		{FA7CF71B-247A-4D1A-8A7B-577F712389A3} = {B5D27FED-D06C-458A-9139-8203B1BF2BC9}
		{6D9D6995-0A4F-47B1-8010-31541400B627} = {B5D27FED-D06C-458A-9139-8203B1BF2BC9}
		{CDFA5DF9-252E-4490-A293-89BFF6E1EC8B} = {D2EF9CBC-9F71-4CC9-9F5D-8394B6C6DEBC}
		{C345061F-63DA-4D3A-AA28-121689284C5D} = {D2EF9CBC-9F71-4CC9-9F5D-8394B6C6DEBC}
		{4B051489-E947-4827-B08E-53C6C86143A2} = {FA7CF71B-247A-4D1A-8A7B-577F712389A3}
		{FFBFAD53-6EFD-4D76-97E2-6154BB3B6BC6} = {FA7CF71B-247A-4D1A-8A7B-577F712389A3}
		{8B603AFB-B4A4-4B2A-A60E-D21EE6A63603} = {FA7CF71B-247A-4D1A-8A7B-577F712389A3}
		{159A98F2-7230-4D08-847B-D0CAF406FE42} = {FA7CF71B-247A-4D1A-8A7B-577F712389A3}
		{CFE33A11-CC5F-433D-B95D-6FD75F57493F} = {02472208-D119-4295-8EA9-2C273A7BCD3C}
		{750FCDE1-E72E-41CA-80A6-71AB7BFF588C} = {CDFA5DF9-252E-4490-A293-89BFF6E1EC8B}
		{E785A219-E8ED-4EFF-B62E-68737FA1EA5D} = {CDFA5DF9-252E-4490-A293-89BFF6E1EC8B}
		{B2BE0153-0C4E-4B96-A5DF-939A7E34A8A7} = {7B1C12E3-8351-4058-9B7E-5DC56E4C52F3}
		{1578BA29-748A-4794-B521-1CE41F3F15CA} = {7B1C12E3-8351-4058-9B7E-5DC56E4C52F3}
		{15B9E8BE-4720-4F7A-BE57-C6644F53E657} = {B2BE0153-0C4E-4B96-A5DF-939A7E34A8A7}
		{ED5466BB-34FD-490B-AA3A-01C25F41BF16} = {B2BE0153-0C4E-4B96-A5DF-939A7E34A8A7}
		{C3DE453A-B564-4383-9A2F-2C31F22BE82F} = {B2BE0153-0C4E-4B96-A5DF-939A7E34A8A7}
	EndGlobalSection
	GlobalSection(ExtensibilityGlobals) = postSolution
		SolutionGuid = {7AF64AFB-6E98-4D38-A115-7B81B49BE594}
	EndGlobalSection
EndGlobal
