
Microsoft Visual Studio Solution File, Format Version 12.00
# Visual Studio 15
VisualStudioVersion = 15.0.27428.2011
MinimumVisualStudioVersion = 10.0.40219.1
Project("{2150E333-8FDC-42A3-9474-1A3956D46DE8}") = "data", "data", "{B5D27FED-D06C-458A-9139-8203B1BF2BC9}"
EndProject
Project("{2150E333-8FDC-42A3-9474-1A3956D46DE8}") = "src", "src", "{FA7CF71B-247A-4D1A-8A7B-577F712389A3}"
EndProject
Project("{2150E333-8FDC-42A3-9474-1A3956D46DE8}") = "test", "test", "{6D9D6995-0A4F-47B1-8010-31541400B627}"
EndProject
Project("{2150E333-8FDC-42A3-9474-1A3956D46DE8}") = "database", "database", "{02472208-D119-4295-8EA9-2C273A7BCD3C}"
EndProject
Project("{2150E333-8FDC-42A3-9474-1A3956D46DE8}") = "business", "business", "{D2EF9CBC-9F71-4CC9-9F5D-8394B6C6DEBC}"
EndProject
Project("{2150E333-8FDC-42A3-9474-1A3956D46DE8}") = "src", "src", "{CDFA5DF9-252E-4490-A293-89BFF6E1EC8B}"
EndProject
Project("{2150E333-8FDC-42A3-9474-1A3956D46DE8}") = "test", "test", "{C345061F-63DA-4D3A-AA28-121689284C5D}"
EndProject
Project("{2150E333-8FDC-42A3-9474-1A3956D46DE8}") = "website", "website", "{AEDD20DF-C634-420A-BE47-15C15A8483E0}"
EndProject
Project("{2150E333-8FDC-42A3-9474-1A3956D46DE8}") = "src", "src", "{822B8C45-2B7D-4165-8AD5-C54870E3F14F}"
EndProject
Project("{2150E333-8FDC-42A3-9474-1A3956D46DE8}") = "test", "test", "{C7F0866D-8BC9-4B5B-AB5D-242D9FDA5986}"
EndProject
Project("{FAE04EC0-301F-11D3-BF4B-00C04F79EFBC}") = "D2CFL.Data", "data\src\D2CFL.Data\D2CFL.Data.csproj", "{4B051489-E947-4827-B08E-53C6C86143A2}"
EndProject
Project("{FAE04EC0-301F-11D3-BF4B-00C04F79EFBC}") = "D2CFL.Data.League", "data\src\D2CFL.Data.League\D2CFL.Data.League.csproj", "{FFBFAD53-6EFD-4D76-97E2-6154BB3B6BC6}"
EndProject
Project("{FAE04EC0-301F-11D3-BF4B-00C04F79EFBC}") = "D2CFL.Data.News", "data\src\D2CFL.Data.News\D2CFL.Data.News.csproj", "{8B603AFB-B4A4-4B2A-A60E-D21EE6A63603}"
EndProject
Project("{FAE04EC0-301F-11D3-BF4B-00C04F79EFBC}") = "D2CFL.Data.Identity", "data\src\D2CFL.Data.Identity\D2CFL.Data.Identity.csproj", "{159A98F2-7230-4D08-847B-D0CAF406FE42}"
EndProject
Project("{FAE04EC0-301F-11D3-BF4B-00C04F79EFBC}") = "D2CFL.Migrations", "database\D2CFL.Migrations\D2CFL.Migrations.csproj", "{CFE33A11-CC5F-433D-B95D-6FD75F57493F}"
EndProject
Project("{FAE04EC0-301F-11D3-BF4B-00C04F79EFBC}") = "D2CFL.Business.Identity", "business\src\D2CFL.Business.Identity\D2CFL.Business.Identity.csproj", "{50454CEB-9DF0-469B-9DAE-32EE09F0D76F}"
EndProject
Project("{FAE04EC0-301F-11D3-BF4B-00C04F79EFBC}") = "D2CFL.Business.League", "business\src\D2CFL.Business.League\D2CFL.Business.League.csproj", "{750FCDE1-E72E-41CA-80A6-71AB7BFF588C}"
EndProject
Project("{FAE04EC0-301F-11D3-BF4B-00C04F79EFBC}") = "D2CFL.Business.News", "business\src\D2CFL.Business.News\D2CFL.Business.News.csproj", "{E785A219-E8ED-4EFF-B62E-68737FA1EA5D}"
EndProject
Project("{FAE04EC0-301F-11D3-BF4B-00C04F79EFBC}") = "D2CFL.WebSite.Main", "website\src\D2CFL.WebSite.Main\D2CFL.WebSite.Main.csproj", "{050E6E4B-AE62-4CFF-911B-6111F0556F8A}"
EndProject
Project("{FAE04EC0-301F-11D3-BF4B-00C04F79EFBC}") = "D2CFL.WebSite.Admin", "website\src\D2CFL.WebSite.Admin\D2CFL.WebSite.Admin.csproj", "{E5FF05BA-B0AE-43D1-8548-08EAE48FA48C}"
EndProject
Project("{FAE04EC0-301F-11D3-BF4B-00C04F79EFBC}") = "D2CFL.WebSite.Identity", "website\src\D2CFL.WebSite.Identity\D2CFL.WebSite.Identity.csproj", "{AF397FCA-316E-4C05-9C19-BD60CE463C31}"
EndProject
Global
	GlobalSection(SolutionConfigurationPlatforms) = preSolution
		Debug|Any CPU = Debug|Any CPU
		Release|Any CPU = Release|Any CPU
	EndGlobalSection
	GlobalSection(ProjectConfigurationPlatforms) = postSolution
		{4B051489-E947-4827-B08E-53C6C86143A2}.Debug|Any CPU.ActiveCfg = Debug|Any CPU
		{4B051489-E947-4827-B08E-53C6C86143A2}.Debug|Any CPU.Build.0 = Debug|Any CPU
		{4B051489-E947-4827-B08E-53C6C86143A2}.Release|Any CPU.ActiveCfg = Release|Any CPU
		{4B051489-E947-4827-B08E-53C6C86143A2}.Release|Any CPU.Build.0 = Release|Any CPU
		{FFBFAD53-6EFD-4D76-97E2-6154BB3B6BC6}.Debug|Any CPU.ActiveCfg = Debug|Any CPU
		{FFBFAD53-6EFD-4D76-97E2-6154BB3B6BC6}.Debug|Any CPU.Build.0 = Debug|Any CPU
		{FFBFAD53-6EFD-4D76-97E2-6154BB3B6BC6}.Release|Any CPU.ActiveCfg = Release|Any CPU
		{FFBFAD53-6EFD-4D76-97E2-6154BB3B6BC6}.Release|Any CPU.Build.0 = Release|Any CPU
		{8B603AFB-B4A4-4B2A-A60E-D21EE6A63603}.Debug|Any CPU.ActiveCfg = Debug|Any CPU
		{8B603AFB-B4A4-4B2A-A60E-D21EE6A63603}.Debug|Any CPU.Build.0 = Debug|Any CPU
		{8B603AFB-B4A4-4B2A-A60E-D21EE6A63603}.Release|Any CPU.ActiveCfg = Release|Any CPU
		{8B603AFB-B4A4-4B2A-A60E-D21EE6A63603}.Release|Any CPU.Build.0 = Release|Any CPU
		{159A98F2-7230-4D08-847B-D0CAF406FE42}.Debug|Any CPU.ActiveCfg = Debug|Any CPU
		{159A98F2-7230-4D08-847B-D0CAF406FE42}.Debug|Any CPU.Build.0 = Debug|Any CPU
		{159A98F2-7230-4D08-847B-D0CAF406FE42}.Release|Any CPU.ActiveCfg = Release|Any CPU
		{159A98F2-7230-4D08-847B-D0CAF406FE42}.Release|Any CPU.Build.0 = Release|Any CPU
		{CFE33A11-CC5F-433D-B95D-6FD75F57493F}.Debug|Any CPU.ActiveCfg = Debug|Any CPU
		{CFE33A11-CC5F-433D-B95D-6FD75F57493F}.Debug|Any CPU.Build.0 = Debug|Any CPU
		{CFE33A11-CC5F-433D-B95D-6FD75F57493F}.Release|Any CPU.ActiveCfg = Release|Any CPU
		{CFE33A11-CC5F-433D-B95D-6FD75F57493F}.Release|Any CPU.Build.0 = Release|Any CPU
		{50454CEB-9DF0-469B-9DAE-32EE09F0D76F}.Debug|Any CPU.ActiveCfg = Debug|Any CPU
		{50454CEB-9DF0-469B-9DAE-32EE09F0D76F}.Debug|Any CPU.Build.0 = Debug|Any CPU
		{50454CEB-9DF0-469B-9DAE-32EE09F0D76F}.Release|Any CPU.ActiveCfg = Release|Any CPU
		{50454CEB-9DF0-469B-9DAE-32EE09F0D76F}.Release|Any CPU.Build.0 = Release|Any CPU
		{750FCDE1-E72E-41CA-80A6-71AB7BFF588C}.Debug|Any CPU.ActiveCfg = Debug|Any CPU
		{750FCDE1-E72E-41CA-80A6-71AB7BFF588C}.Debug|Any CPU.Build.0 = Debug|Any CPU
		{750FCDE1-E72E-41CA-80A6-71AB7BFF588C}.Release|Any CPU.ActiveCfg = Release|Any CPU
		{750FCDE1-E72E-41CA-80A6-71AB7BFF588C}.Release|Any CPU.Build.0 = Release|Any CPU
		{E785A219-E8ED-4EFF-B62E-68737FA1EA5D}.Debug|Any CPU.ActiveCfg = Debug|Any CPU
		{E785A219-E8ED-4EFF-B62E-68737FA1EA5D}.Debug|Any CPU.Build.0 = Debug|Any CPU
		{E785A219-E8ED-4EFF-B62E-68737FA1EA5D}.Release|Any CPU.ActiveCfg = Release|Any CPU
		{E785A219-E8ED-4EFF-B62E-68737FA1EA5D}.Release|Any CPU.Build.0 = Release|Any CPU
		{050E6E4B-AE62-4CFF-911B-6111F0556F8A}.Debug|Any CPU.ActiveCfg = Debug|Any CPU
		{050E6E4B-AE62-4CFF-911B-6111F0556F8A}.Debug|Any CPU.Build.0 = Debug|Any CPU
		{050E6E4B-AE62-4CFF-911B-6111F0556F8A}.Release|Any CPU.ActiveCfg = Release|Any CPU
		{050E6E4B-AE62-4CFF-911B-6111F0556F8A}.Release|Any CPU.Build.0 = Release|Any CPU
		{E5FF05BA-B0AE-43D1-8548-08EAE48FA48C}.Debug|Any CPU.ActiveCfg = Debug|Any CPU
		{E5FF05BA-B0AE-43D1-8548-08EAE48FA48C}.Debug|Any CPU.Build.0 = Debug|Any CPU
		{E5FF05BA-B0AE-43D1-8548-08EAE48FA48C}.Release|Any CPU.ActiveCfg = Release|Any CPU
		{E5FF05BA-B0AE-43D1-8548-08EAE48FA48C}.Release|Any CPU.Build.0 = Release|Any CPU
		{AF397FCA-316E-4C05-9C19-BD60CE463C31}.Debug|Any CPU.ActiveCfg = Debug|Any CPU
		{AF397FCA-316E-4C05-9C19-BD60CE463C31}.Debug|Any CPU.Build.0 = Debug|Any CPU
		{AF397FCA-316E-4C05-9C19-BD60CE463C31}.Release|Any CPU.ActiveCfg = Release|Any CPU
		{AF397FCA-316E-4C05-9C19-BD60CE463C31}.Release|Any CPU.Build.0 = Release|Any CPU
	EndGlobalSection
	GlobalSection(SolutionProperties) = preSolution
		HideSolutionNode = FALSE
	EndGlobalSection
	GlobalSection(NestedProjects) = preSolution
		{FA7CF71B-247A-4D1A-8A7B-577F712389A3} = {B5D27FED-D06C-458A-9139-8203B1BF2BC9}
		{6D9D6995-0A4F-47B1-8010-31541400B627} = {B5D27FED-D06C-458A-9139-8203B1BF2BC9}
		{CDFA5DF9-252E-4490-A293-89BFF6E1EC8B} = {D2EF9CBC-9F71-4CC9-9F5D-8394B6C6DEBC}
		{C345061F-63DA-4D3A-AA28-121689284C5D} = {D2EF9CBC-9F71-4CC9-9F5D-8394B6C6DEBC}
		{822B8C45-2B7D-4165-8AD5-C54870E3F14F} = {AEDD20DF-C634-420A-BE47-15C15A8483E0}
		{C7F0866D-8BC9-4B5B-AB5D-242D9FDA5986} = {AEDD20DF-C634-420A-BE47-15C15A8483E0}
		{4B051489-E947-4827-B08E-53C6C86143A2} = {FA7CF71B-247A-4D1A-8A7B-577F712389A3}
		{FFBFAD53-6EFD-4D76-97E2-6154BB3B6BC6} = {FA7CF71B-247A-4D1A-8A7B-577F712389A3}
		{8B603AFB-B4A4-4B2A-A60E-D21EE6A63603} = {FA7CF71B-247A-4D1A-8A7B-577F712389A3}
		{159A98F2-7230-4D08-847B-D0CAF406FE42} = {FA7CF71B-247A-4D1A-8A7B-577F712389A3}
		{CFE33A11-CC5F-433D-B95D-6FD75F57493F} = {02472208-D119-4295-8EA9-2C273A7BCD3C}
		{50454CEB-9DF0-469B-9DAE-32EE09F0D76F} = {CDFA5DF9-252E-4490-A293-89BFF6E1EC8B}
		{750FCDE1-E72E-41CA-80A6-71AB7BFF588C} = {CDFA5DF9-252E-4490-A293-89BFF6E1EC8B}
		{E785A219-E8ED-4EFF-B62E-68737FA1EA5D} = {CDFA5DF9-252E-4490-A293-89BFF6E1EC8B}
		{050E6E4B-AE62-4CFF-911B-6111F0556F8A} = {822B8C45-2B7D-4165-8AD5-C54870E3F14F}
		{E5FF05BA-B0AE-43D1-8548-08EAE48FA48C} = {822B8C45-2B7D-4165-8AD5-C54870E3F14F}
		{AF397FCA-316E-4C05-9C19-BD60CE463C31} = {822B8C45-2B7D-4165-8AD5-C54870E3F14F}
	EndGlobalSection
	GlobalSection(ExtensibilityGlobals) = postSolution
		SolutionGuid = {7AF64AFB-6E98-4D38-A115-7B81B49BE594}
	EndGlobalSection
EndGlobal
